
Microsoft Visual Studio Solution File, Format Version 12.00
# Visual Studio Version 16
VisualStudioVersion = 16.0.33801.447
MinimumVisualStudioVersion = 10.0.40219.1
Project("{FAE04EC0-301F-11D3-BF4B-00C04F79EFBC}") = "AulaNelsonSabado2", "AulaNelsonSabado2\AulaNelsonSabado2.csproj", "{80D73113-C3ED-4456-A3D2-8F34E2FD9AE5}"
EndProject
Global
	GlobalSection(SolutionConfigurationPlatforms) = preSolution
		Debug|Any CPU = Debug|Any CPU
		Release|Any CPU = Release|Any CPU
	EndGlobalSection
	GlobalSection(ProjectConfigurationPlatforms) = postSolution
		{80D73113-C3ED-4456-A3D2-8F34E2FD9AE5}.Debug|Any CPU.ActiveCfg = Debug|Any CPU
		{80D73113-C3ED-4456-A3D2-8F34E2FD9AE5}.Debug|Any CPU.Build.0 = Debug|Any CPU
		{80D73113-C3ED-4456-A3D2-8F34E2FD9AE5}.Release|Any CPU.ActiveCfg = Release|Any CPU
		{80D73113-C3ED-4456-A3D2-8F34E2FD9AE5}.Release|Any CPU.Build.0 = Release|Any CPU
	EndGlobalSection
	GlobalSection(SolutionProperties) = preSolution
		HideSolutionNode = FALSE
	EndGlobalSection
	GlobalSection(ExtensibilityGlobals) = postSolution
		SolutionGuid = {AB9C9E3C-5F68-4EA2-A2F6-8B8B63DDC2DA}
	EndGlobalSection
EndGlobal
