
Microsoft Visual Studio Solution File, Format Version 12.00
# Visual Studio Version 16
VisualStudioVersion = 16.0.33801.447
MinimumVisualStudioVersion = 10.0.40219.1
Project("{FAE04EC0-301F-11D3-BF4B-00C04F79EFBC}") = "AulaNelson", "AulaNelson\AulaNelson.csproj", "{A1EBBE7C-6BD0-4003-88B6-684432E054EA}"
EndProject
Global
	GlobalSection(SolutionConfigurationPlatforms) = preSolution
		Debug|Any CPU = Debug|Any CPU
		Release|Any CPU = Release|Any CPU
	EndGlobalSection
	GlobalSection(ProjectConfigurationPlatforms) = postSolution
		{A1EBBE7C-6BD0-4003-88B6-684432E054EA}.Debug|Any CPU.ActiveCfg = Debug|Any CPU
		{A1EBBE7C-6BD0-4003-88B6-684432E054EA}.Debug|Any CPU.Build.0 = Debug|Any CPU
		{A1EBBE7C-6BD0-4003-88B6-684432E054EA}.Release|Any CPU.ActiveCfg = Release|Any CPU
		{A1EBBE7C-6BD0-4003-88B6-684432E054EA}.Release|Any CPU.Build.0 = Release|Any CPU
	EndGlobalSection
	GlobalSection(SolutionProperties) = preSolution
		HideSolutionNode = FALSE
	EndGlobalSection
	GlobalSection(ExtensibilityGlobals) = postSolution
		SolutionGuid = {7D514C80-CD61-463B-8A9D-6968D915B274}
	EndGlobalSection
EndGlobal
